Microsoft Visual Studio Solution File, Format Version 12.00
# Visual Studio 2012
Project("{FAE04EC0-301F-11D3-BF4B-00C04F79EFBC}") = "godot-template", "godot-template.csproj", "{F6336968-8789-445B-A242-728FA25BDADC}"
EndProject
Global
	GlobalSection(SolutionConfigurationPlatforms) = preSolution
	Debug|Any CPU = Debug|Any CPU
	ExportDebug|Any CPU = ExportDebug|Any CPU
	ExportRelease|Any CPU = ExportRelease|Any CPU
	EndGlobalSection
	GlobalSection(ProjectConfigurationPlatforms) = postSolution
		{F6336968-8789-445B-A242-728FA25BDADC}.Debug|Any CPU.ActiveCfg = Debug|Any CPU
		{F6336968-8789-445B-A242-728FA25BDADC}.Debug|Any CPU.Build.0 = Debug|Any CPU
		{F6336968-8789-445B-A242-728FA25BDADC}.ExportDebug|Any CPU.ActiveCfg = ExportDebug|Any CPU
		{F6336968-8789-445B-A242-728FA25BDADC}.ExportDebug|Any CPU.Build.0 = ExportDebug|Any CPU
		{F6336968-8789-445B-A242-728FA25BDADC}.ExportRelease|Any CPU.ActiveCfg = ExportRelease|Any CPU
		{F6336968-8789-445B-A242-728FA25BDADC}.ExportRelease|Any CPU.Build.0 = ExportRelease|Any CPU
	EndGlobalSection
EndGlobal
